
Microsoft Visual Studio Solution File, Format Version 12.00
# Visual Studio Version 17
VisualStudioVersion = 17.3.32922.545
MinimumVisualStudioVersion = 10.0.40219.1
Project("{FAE04EC0-301F-11D3-BF4B-00C04F79EFBC}") = "Ders1", "Ders1\Ders1.csproj", "{937AA76C-4F53-4109-84D9-1EB1CE5A944E}"
EndProject
Global
	GlobalSection(SolutionConfigurationPlatforms) = preSolution
		Debug|Any CPU = Debug|Any CPU
		Release|Any CPU = Release|Any CPU
	EndGlobalSection
	GlobalSection(ProjectConfigurationPlatforms) = postSolution
		{937AA76C-4F53-4109-84D9-1EB1CE5A944E}.Debug|Any CPU.ActiveCfg = Debug|Any CPU
		{937AA76C-4F53-4109-84D9-1EB1CE5A944E}.Debug|Any CPU.Build.0 = Debug|Any CPU
		{937AA76C-4F53-4109-84D9-1EB1CE5A944E}.Release|Any CPU.ActiveCfg = Release|Any CPU
		{937AA76C-4F53-4109-84D9-1EB1CE5A944E}.Release|Any CPU.Build.0 = Release|Any CPU
	EndGlobalSection
	GlobalSection(SolutionProperties) = preSolution
		HideSolutionNode = FALSE
	EndGlobalSection
	GlobalSection(ExtensibilityGlobals) = postSolution
		SolutionGuid = {BCE012ED-C3D0-4838-BC9B-304329A966DC}
	EndGlobalSection
EndGlobal
